
Microsoft Visual Studio Solution File, Format Version 12.00
# Visual Studio Version 16
VisualStudioVersion = 16.0.30907.101
MinimumVisualStudioVersion = 10.0.40219.1
Project("{FAE04EC0-301F-11D3-BF4B-00C04F79EFBC}") = "Flight Sim Simple", "Flight Sim Simple\Flight Sim Simple.csproj", "{C2D06ABA-C77C-4297-A0BC-6A598068DB50}"
EndProject
Global
	GlobalSection(SolutionConfigurationPlatforms) = preSolution
		Debug|x86 = Debug|x86
		Release|x86 = Release|x86
	EndGlobalSection
	GlobalSection(ProjectConfigurationPlatforms) = postSolution
		{C2D06ABA-C77C-4297-A0BC-6A598068DB50}.Debug|x86.ActiveCfg = Debug|x86
		{C2D06ABA-C77C-4297-A0BC-6A598068DB50}.Debug|x86.Build.0 = Debug|x86
		{C2D06ABA-C77C-4297-A0BC-6A598068DB50}.Release|x86.ActiveCfg = Release|x86
		{C2D06ABA-C77C-4297-A0BC-6A598068DB50}.Release|x86.Build.0 = Release|x86
	EndGlobalSection
	GlobalSection(SolutionProperties) = preSolution
		HideSolutionNode = FALSE
	EndGlobalSection
	GlobalSection(ExtensibilityGlobals) = postSolution
		SolutionGuid = {27A154C7-4A3E-493B-87DE-538D7EF3946A}
	EndGlobalSection
EndGlobal
